
Microsoft Visual Studio Solution File, Format Version 12.00
# Visual Studio Version 17
VisualStudioVersion = 17.2.32602.215
MinimumVisualStudioVersion = 10.0.40219.1
Project("{9A19103F-16F7-4668-BE54-9A1E7A4F7556}") = "airline_backend", "airline_backend.csproj", "{AB7F10F3-9169-4192-B85F-5DDC648E7811}"
EndProject
Global
	GlobalSection(SolutionConfigurationPlatforms) = preSolution
		Debug|Any CPU = Debug|Any CPU
		Release|Any CPU = Release|Any CPU
	EndGlobalSection
	GlobalSection(ProjectConfigurationPlatforms) = postSolution
		{AB7F10F3-9169-4192-B85F-5DDC648E7811}.Debug|Any CPU.ActiveCfg = Debug|Any CPU
		{AB7F10F3-9169-4192-B85F-5DDC648E7811}.Debug|Any CPU.Build.0 = Debug|Any CPU
		{AB7F10F3-9169-4192-B85F-5DDC648E7811}.Release|Any CPU.ActiveCfg = Release|Any CPU
		{AB7F10F3-9169-4192-B85F-5DDC648E7811}.Release|Any CPU.Build.0 = Release|Any CPU
	EndGlobalSection
	GlobalSection(SolutionProperties) = preSolution
		HideSolutionNode = FALSE
	EndGlobalSection
	GlobalSection(ExtensibilityGlobals) = postSolution
		SolutionGuid = {51334F08-CD96-4BA7-BE00-40AB4BA32A77}
	EndGlobalSection
EndGlobal
